
Microsoft Visual Studio Solution File, Format Version 12.00
# Visual Studio Version 16
VisualStudioVersion = 16.0.30011.22
MinimumVisualStudioVersion = 10.0.40219.1
Project("{8BC9CEB8-8B4A-11D0-8D11-00A0C91BC942}") = "sorting matrix", "sorting matrix\sorting matrix.vcxproj", "{ED6BCED1-DE02-4131-997D-4724A517AA45}"
EndProject
Global
	GlobalSection(SolutionConfigurationPlatforms) = preSolution
		Debug|x64 = Debug|x64
		Debug|x86 = Debug|x86
		Release|x64 = Release|x64
		Release|x86 = Release|x86
	EndGlobalSection
	GlobalSection(ProjectConfigurationPlatforms) = postSolution
		{ED6BCED1-DE02-4131-997D-4724A517AA45}.Debug|x64.ActiveCfg = Debug|x64
		{ED6BCED1-DE02-4131-997D-4724A517AA45}.Debug|x64.Build.0 = Debug|x64
		{ED6BCED1-DE02-4131-997D-4724A517AA45}.Debug|x86.ActiveCfg = Debug|Win32
		{ED6BCED1-DE02-4131-997D-4724A517AA45}.Debug|x86.Build.0 = Debug|Win32
		{ED6BCED1-DE02-4131-997D-4724A517AA45}.Release|x64.ActiveCfg = Release|x64
		{ED6BCED1-DE02-4131-997D-4724A517AA45}.Release|x64.Build.0 = Release|x64
		{ED6BCED1-DE02-4131-997D-4724A517AA45}.Release|x86.ActiveCfg = Release|Win32
		{ED6BCED1-DE02-4131-997D-4724A517AA45}.Release|x86.Build.0 = Release|Win32
	EndGlobalSection
	GlobalSection(SolutionProperties) = preSolution
		HideSolutionNode = FALSE
	EndGlobalSection
	GlobalSection(ExtensibilityGlobals) = postSolution
		SolutionGuid = {03F21299-F89D-438A-9D6C-9BFB82D652F2}
	EndGlobalSection
EndGlobal
